
Microsoft Visual Studio Solution File, Format Version 12.00
# Visual Studio Version 17
VisualStudioVersion = 17.0.32112.339
MinimumVisualStudioVersion = 10.0.40219.1
Project("{FAE04EC0-301F-11D3-BF4B-00C04F79EFBC}") = "MoodAnalyzer1", "MoodAnalyzer1\MoodAnalyzer1.csproj", "{8685CA89-AA5C-496C-82E3-56452778B476}"
EndProject
Project("{FAE04EC0-301F-11D3-BF4B-00C04F79EFBC}") = "MoodAnalyzerTestCase", "MoodAnalyzerTestCase\MoodAnalyzerTestCase.csproj", "{9575569C-8831-44CA-BBCC-73C30EE3CD76}"
EndProject
Global
	GlobalSection(SolutionConfigurationPlatforms) = preSolution
		Debug|Any CPU = Debug|Any CPU
		Release|Any CPU = Release|Any CPU
	EndGlobalSection
	GlobalSection(ProjectConfigurationPlatforms) = postSolution
		{8685CA89-AA5C-496C-82E3-56452778B476}.Debug|Any CPU.ActiveCfg = Debug|Any CPU
		{8685CA89-AA5C-496C-82E3-56452778B476}.Debug|Any CPU.Build.0 = Debug|Any CPU
		{8685CA89-AA5C-496C-82E3-56452778B476}.Release|Any CPU.ActiveCfg = Release|Any CPU
		{8685CA89-AA5C-496C-82E3-56452778B476}.Release|Any CPU.Build.0 = Release|Any CPU
		{9575569C-8831-44CA-BBCC-73C30EE3CD76}.Debug|Any CPU.ActiveCfg = Debug|Any CPU
		{9575569C-8831-44CA-BBCC-73C30EE3CD76}.Debug|Any CPU.Build.0 = Debug|Any CPU
		{9575569C-8831-44CA-BBCC-73C30EE3CD76}.Release|Any CPU.ActiveCfg = Release|Any CPU
		{9575569C-8831-44CA-BBCC-73C30EE3CD76}.Release|Any CPU.Build.0 = Release|Any CPU
	EndGlobalSection
	GlobalSection(SolutionProperties) = preSolution
		HideSolutionNode = FALSE
	EndGlobalSection
	GlobalSection(ExtensibilityGlobals) = postSolution
		SolutionGuid = {F2AD77BF-D482-452D-A72B-E1C68CF6BCD2}
	EndGlobalSection
EndGlobal
